
Microsoft Visual Studio Solution File, Format Version 12.00
# Visual Studio Version 16
VisualStudioVersion = 16.0.32126.315
MinimumVisualStudioVersion = 10.0.40219.1
Project("{FAE04EC0-301F-11D3-BF4B-00C04F79EFBC}") = "studD", "studD\studD.csproj", "{F9953037-6FE8-45B1-AB52-24357F765D53}"
EndProject
Global
	GlobalSection(SolutionConfigurationPlatforms) = preSolution
		Debug|Any CPU = Debug|Any CPU
		Release|Any CPU = Release|Any CPU
	EndGlobalSection
	GlobalSection(ProjectConfigurationPlatforms) = postSolution
		{F9953037-6FE8-45B1-AB52-24357F765D53}.Debug|Any CPU.ActiveCfg = Debug|Any CPU
		{F9953037-6FE8-45B1-AB52-24357F765D53}.Debug|Any CPU.Build.0 = Debug|Any CPU
		{F9953037-6FE8-45B1-AB52-24357F765D53}.Release|Any CPU.ActiveCfg = Release|Any CPU
		{F9953037-6FE8-45B1-AB52-24357F765D53}.Release|Any CPU.Build.0 = Release|Any CPU
	EndGlobalSection
	GlobalSection(SolutionProperties) = preSolution
		HideSolutionNode = FALSE
	EndGlobalSection
	GlobalSection(ExtensibilityGlobals) = postSolution
		SolutionGuid = {F0493AE4-BD94-474A-84FD-ED35331F4B85}
	EndGlobalSection
EndGlobal
